
Microsoft Visual Studio Solution File, Format Version 12.00
Project("{2150E333-8FDC-42A3-9474-1A3956D46DE8}") = "src", "src", "{5BBEA314-B84B-49A9-8E89-024CEC7A5C49}"
EndProject
Project("{2150E333-8FDC-42A3-9474-1A3956D46DE8}") = "tests", "tests", "{9CAED3A9-0165-41DB-AAD9-90BAFAC88DD4}"
EndProject
Project("{FAE04EC0-301F-11D3-BF4B-00C04F79EFBC}") = "Library", "src\Library\Library.csproj", "{DCDE4D1D-7B53-4918-84B5-0269157E87C3}"
EndProject
Project("{FAE04EC0-301F-11D3-BF4B-00C04F79EFBC}") = "Library.Test.Utils", "tests\Library.Test.Utils\Library.Test.Utils.csproj", "{7A774955-EBBD-406A-99F5-95B738DEAD47}"
EndProject
Project("{FAE04EC0-301F-11D3-BF4B-00C04F79EFBC}") = "Library.Tests.Api", "tests\Library.Tests.Api\Library.Tests.Api.csproj", "{9870AA63-2FB2-49DD-92E1-020507CDCF7A}"
EndProject
Project("{FAE04EC0-301F-11D3-BF4B-00C04F79EFBC}") = "Library.Tests.Ui", "tests\Library.Tests.Ui\Library.Tests.Ui.csproj", "{81EEA474-0307-412D-9B16-CC76A01E7297}"
EndProject
Global
	GlobalSection(SolutionConfigurationPlatforms) = preSolution
		Debug|Any CPU = Debug|Any CPU
		Release|Any CPU = Release|Any CPU
	EndGlobalSection
	GlobalSection(NestedProjects) = preSolution
		{DCDE4D1D-7B53-4918-84B5-0269157E87C3} = {5BBEA314-B84B-49A9-8E89-024CEC7A5C49}
		{7A774955-EBBD-406A-99F5-95B738DEAD47} = {9CAED3A9-0165-41DB-AAD9-90BAFAC88DD4}
		{9870AA63-2FB2-49DD-92E1-020507CDCF7A} = {9CAED3A9-0165-41DB-AAD9-90BAFAC88DD4}
		{81EEA474-0307-412D-9B16-CC76A01E7297} = {9CAED3A9-0165-41DB-AAD9-90BAFAC88DD4}
	EndGlobalSection
	GlobalSection(ProjectConfigurationPlatforms) = postSolution
		{DCDE4D1D-7B53-4918-84B5-0269157E87C3}.Debug|Any CPU.ActiveCfg = Debug|Any CPU
		{DCDE4D1D-7B53-4918-84B5-0269157E87C3}.Debug|Any CPU.Build.0 = Debug|Any CPU
		{DCDE4D1D-7B53-4918-84B5-0269157E87C3}.Release|Any CPU.ActiveCfg = Release|Any CPU
		{DCDE4D1D-7B53-4918-84B5-0269157E87C3}.Release|Any CPU.Build.0 = Release|Any CPU
		{7A774955-EBBD-406A-99F5-95B738DEAD47}.Debug|Any CPU.ActiveCfg = Debug|Any CPU
		{7A774955-EBBD-406A-99F5-95B738DEAD47}.Debug|Any CPU.Build.0 = Debug|Any CPU
		{7A774955-EBBD-406A-99F5-95B738DEAD47}.Release|Any CPU.ActiveCfg = Release|Any CPU
		{7A774955-EBBD-406A-99F5-95B738DEAD47}.Release|Any CPU.Build.0 = Release|Any CPU
		{9870AA63-2FB2-49DD-92E1-020507CDCF7A}.Debug|Any CPU.ActiveCfg = Debug|Any CPU
		{9870AA63-2FB2-49DD-92E1-020507CDCF7A}.Debug|Any CPU.Build.0 = Debug|Any CPU
		{9870AA63-2FB2-49DD-92E1-020507CDCF7A}.Release|Any CPU.ActiveCfg = Release|Any CPU
		{9870AA63-2FB2-49DD-92E1-020507CDCF7A}.Release|Any CPU.Build.0 = Release|Any CPU
		{81EEA474-0307-412D-9B16-CC76A01E7297}.Debug|Any CPU.ActiveCfg = Debug|Any CPU
		{81EEA474-0307-412D-9B16-CC76A01E7297}.Debug|Any CPU.Build.0 = Debug|Any CPU
		{81EEA474-0307-412D-9B16-CC76A01E7297}.Release|Any CPU.ActiveCfg = Release|Any CPU
		{81EEA474-0307-412D-9B16-CC76A01E7297}.Release|Any CPU.Build.0 = Release|Any CPU
	EndGlobalSection
EndGlobal
